
Microsoft Visual Studio Solution File, Format Version 12.00
# Visual Studio Version 17
VisualStudioVersion = 17.0.31903.59
MinimumVisualStudioVersion = 10.0.40219.1
Project("{FAE04EC0-301F-11D3-BF4B-00C04F79EFBC}") = "Cafeteria.Customer", "Cafeteria.Customer\Cafeteria.Customer.csproj", "{9B89AFA9-96D7-4371-B62E-C9771687BA02}"
EndProject
Project("{FAE04EC0-301F-11D3-BF4B-00C04F79EFBC}") = "Cafeteria.Management", "Cafeteria.Management\Cafeteria.Management.csproj", "{F6FC5A47-9C26-462C-ADCA-B86E9A534641}"
EndProject
Project("{FAE04EC0-301F-11D3-BF4B-00C04F79EFBC}") = "Cafeteria.Api", "Cafeteria.Api\Cafeteria.Api.csproj", "{8D3F5083-585F-47BB-AD53-7CE510639816}"
EndProject
Project("{FAE04EC0-301F-11D3-BF4B-00C04F79EFBC}") = "Cafeteria.Shared", "Cafeteria.Shared\Cafeteria.Shared.csproj", "{1250576E-60C9-443A-93F9-2DAD7F64DBF5}"
EndProject
Project("{FAE04EC0-301F-11D3-BF4B-00C04F79EFBC}") = "Cafeteria.AppHost", "Cafeteria.AppHost\Cafeteria.AppHost.csproj", "{3FADF6D3-36FA-4E52-81F6-7DD3EDAF45E3}"
EndProject
Project("{FAE04EC0-301F-11D3-BF4B-00C04F79EFBC}") = "Cafeteria.ServiceDefaults", "Cafeteria.ServiceDefaults\Cafeteria.ServiceDefaults.csproj", "{CFDADDD5-C108-42F8-A809-9FA31967025E}"
EndProject
Project("{FAE04EC0-301F-11D3-BF4B-00C04F79EFBC}") = "Cafeteria.UnitTests", "Cafeteria.UnitTests\Cafeteria.UnitTests.csproj", "{F69A1B2A-C00C-4BB5-9BB9-16FC48D14BDC}"
EndProject
Project("{FAE04EC0-301F-11D3-BF4B-00C04F79EFBC}") = "Cafeteria.IntegrationTests", "Cafeteria.IntegrationTests\Cafeteria.IntegrationTests.csproj", "{9E5FAA7B-6954-476D-9A01-971CA761D4EC}"
EndProject
Global
	GlobalSection(SolutionConfigurationPlatforms) = preSolution
		Debug|Any CPU = Debug|Any CPU
		Debug|x64 = Debug|x64
		Debug|x86 = Debug|x86
		Release|Any CPU = Release|Any CPU
		Release|x64 = Release|x64
		Release|x86 = Release|x86
	EndGlobalSection
	GlobalSection(ProjectConfigurationPlatforms) = postSolution
		{9B89AFA9-96D7-4371-B62E-C9771687BA02}.Debug|Any CPU.ActiveCfg = Debug|Any CPU
		{9B89AFA9-96D7-4371-B62E-C9771687BA02}.Debug|Any CPU.Build.0 = Debug|Any CPU
		{9B89AFA9-96D7-4371-B62E-C9771687BA02}.Debug|x64.ActiveCfg = Debug|Any CPU
		{9B89AFA9-96D7-4371-B62E-C9771687BA02}.Debug|x64.Build.0 = Debug|Any CPU
		{9B89AFA9-96D7-4371-B62E-C9771687BA02}.Debug|x86.ActiveCfg = Debug|Any CPU
		{9B89AFA9-96D7-4371-B62E-C9771687BA02}.Debug|x86.Build.0 = Debug|Any CPU
		{9B89AFA9-96D7-4371-B62E-C9771687BA02}.Release|Any CPU.ActiveCfg = Release|Any CPU
		{9B89AFA9-96D7-4371-B62E-C9771687BA02}.Release|Any CPU.Build.0 = Release|Any CPU
		{9B89AFA9-96D7-4371-B62E-C9771687BA02}.Release|x64.ActiveCfg = Release|Any CPU
		{9B89AFA9-96D7-4371-B62E-C9771687BA02}.Release|x64.Build.0 = Release|Any CPU
		{9B89AFA9-96D7-4371-B62E-C9771687BA02}.Release|x86.ActiveCfg = Release|Any CPU
		{9B89AFA9-96D7-4371-B62E-C9771687BA02}.Release|x86.Build.0 = Release|Any CPU
		{F6FC5A47-9C26-462C-ADCA-B86E9A534641}.Debug|Any CPU.ActiveCfg = Debug|Any CPU
		{F6FC5A47-9C26-462C-ADCA-B86E9A534641}.Debug|Any CPU.Build.0 = Debug|Any CPU
		{F6FC5A47-9C26-462C-ADCA-B86E9A534641}.Debug|x64.ActiveCfg = Debug|Any CPU
		{F6FC5A47-9C26-462C-ADCA-B86E9A534641}.Debug|x64.Build.0 = Debug|Any CPU
		{F6FC5A47-9C26-462C-ADCA-B86E9A534641}.Debug|x86.ActiveCfg = Debug|Any CPU
		{F6FC5A47-9C26-462C-ADCA-B86E9A534641}.Debug|x86.Build.0 = Debug|Any CPU
		{F6FC5A47-9C26-462C-ADCA-B86E9A534641}.Release|Any CPU.ActiveCfg = Release|Any CPU
		{F6FC5A47-9C26-462C-ADCA-B86E9A534641}.Release|Any CPU.Build.0 = Release|Any CPU
		{F6FC5A47-9C26-462C-ADCA-B86E9A534641}.Release|x64.ActiveCfg = Release|Any CPU
		{F6FC5A47-9C26-462C-ADCA-B86E9A534641}.Release|x64.Build.0 = Release|Any CPU
		{F6FC5A47-9C26-462C-ADCA-B86E9A534641}.Release|x86.ActiveCfg = Release|Any CPU
		{F6FC5A47-9C26-462C-ADCA-B86E9A534641}.Release|x86.Build.0 = Release|Any CPU
		{8D3F5083-585F-47BB-AD53-7CE510639816}.Debug|Any CPU.ActiveCfg = Debug|Any CPU
		{8D3F5083-585F-47BB-AD53-7CE510639816}.Debug|Any CPU.Build.0 = Debug|Any CPU
		{8D3F5083-585F-47BB-AD53-7CE510639816}.Debug|x64.ActiveCfg = Debug|Any CPU
		{8D3F5083-585F-47BB-AD53-7CE510639816}.Debug|x64.Build.0 = Debug|Any CPU
		{8D3F5083-585F-47BB-AD53-7CE510639816}.Debug|x86.ActiveCfg = Debug|Any CPU
		{8D3F5083-585F-47BB-AD53-7CE510639816}.Debug|x86.Build.0 = Debug|Any CPU
		{8D3F5083-585F-47BB-AD53-7CE510639816}.Release|Any CPU.ActiveCfg = Release|Any CPU
		{8D3F5083-585F-47BB-AD53-7CE510639816}.Release|Any CPU.Build.0 = Release|Any CPU
		{8D3F5083-585F-47BB-AD53-7CE510639816}.Release|x64.ActiveCfg = Release|Any CPU
		{8D3F5083-585F-47BB-AD53-7CE510639816}.Release|x64.Build.0 = Release|Any CPU
		{8D3F5083-585F-47BB-AD53-7CE510639816}.Release|x86.ActiveCfg = Release|Any CPU
		{8D3F5083-585F-47BB-AD53-7CE510639816}.Release|x86.Build.0 = Release|Any CPU
		{1250576E-60C9-443A-93F9-2DAD7F64DBF5}.Debug|Any CPU.ActiveCfg = Debug|Any CPU
		{1250576E-60C9-443A-93F9-2DAD7F64DBF5}.Debug|Any CPU.Build.0 = Debug|Any CPU
		{1250576E-60C9-443A-93F9-2DAD7F64DBF5}.Debug|x64.ActiveCfg = Debug|Any CPU
		{1250576E-60C9-443A-93F9-2DAD7F64DBF5}.Debug|x64.Build.0 = Debug|Any CPU
		{1250576E-60C9-443A-93F9-2DAD7F64DBF5}.Debug|x86.ActiveCfg = Debug|Any CPU
		{1250576E-60C9-443A-93F9-2DAD7F64DBF5}.Debug|x86.Build.0 = Debug|Any CPU
		{1250576E-60C9-443A-93F9-2DAD7F64DBF5}.Release|Any CPU.ActiveCfg = Release|Any CPU
		{1250576E-60C9-443A-93F9-2DAD7F64DBF5}.Release|Any CPU.Build.0 = Release|Any CPU
		{1250576E-60C9-443A-93F9-2DAD7F64DBF5}.Release|x64.ActiveCfg = Release|Any CPU
		{1250576E-60C9-443A-93F9-2DAD7F64DBF5}.Release|x64.Build.0 = Release|Any CPU
		{1250576E-60C9-443A-93F9-2DAD7F64DBF5}.Release|x86.ActiveCfg = Release|Any CPU
		{1250576E-60C9-443A-93F9-2DAD7F64DBF5}.Release|x86.Build.0 = Release|Any CPU
		{3FADF6D3-36FA-4E52-81F6-7DD3EDAF45E3}.Debug|Any CPU.ActiveCfg = Debug|Any CPU
		{3FADF6D3-36FA-4E52-81F6-7DD3EDAF45E3}.Debug|Any CPU.Build.0 = Debug|Any CPU
		{3FADF6D3-36FA-4E52-81F6-7DD3EDAF45E3}.Debug|x64.ActiveCfg = Debug|Any CPU
		{3FADF6D3-36FA-4E52-81F6-7DD3EDAF45E3}.Debug|x64.Build.0 = Debug|Any CPU
		{3FADF6D3-36FA-4E52-81F6-7DD3EDAF45E3}.Debug|x86.ActiveCfg = Debug|Any CPU
		{3FADF6D3-36FA-4E52-81F6-7DD3EDAF45E3}.Debug|x86.Build.0 = Debug|Any CPU
		{3FADF6D3-36FA-4E52-81F6-7DD3EDAF45E3}.Release|Any CPU.ActiveCfg = Release|Any CPU
		{3FADF6D3-36FA-4E52-81F6-7DD3EDAF45E3}.Release|Any CPU.Build.0 = Release|Any CPU
		{3FADF6D3-36FA-4E52-81F6-7DD3EDAF45E3}.Release|x64.ActiveCfg = Release|Any CPU
		{3FADF6D3-36FA-4E52-81F6-7DD3EDAF45E3}.Release|x64.Build.0 = Release|Any CPU
		{3FADF6D3-36FA-4E52-81F6-7DD3EDAF45E3}.Release|x86.ActiveCfg = Release|Any CPU
		{3FADF6D3-36FA-4E52-81F6-7DD3EDAF45E3}.Release|x86.Build.0 = Release|Any CPU
		{CFDADDD5-C108-42F8-A809-9FA31967025E}.Debug|Any CPU.ActiveCfg = Debug|Any CPU
		{CFDADDD5-C108-42F8-A809-9FA31967025E}.Debug|Any CPU.Build.0 = Debug|Any CPU
		{CFDADDD5-C108-42F8-A809-9FA31967025E}.Debug|x64.ActiveCfg = Debug|Any CPU
		{CFDADDD5-C108-42F8-A809-9FA31967025E}.Debug|x64.Build.0 = Debug|Any CPU
		{CFDADDD5-C108-42F8-A809-9FA31967025E}.Debug|x86.ActiveCfg = Debug|Any CPU
		{CFDADDD5-C108-42F8-A809-9FA31967025E}.Debug|x86.Build.0 = Debug|Any CPU
		{CFDADDD5-C108-42F8-A809-9FA31967025E}.Release|Any CPU.ActiveCfg = Release|Any CPU
		{CFDADDD5-C108-42F8-A809-9FA31967025E}.Release|Any CPU.Build.0 = Release|Any CPU
		{CFDADDD5-C108-42F8-A809-9FA31967025E}.Release|x64.ActiveCfg = Release|Any CPU
		{CFDADDD5-C108-42F8-A809-9FA31967025E}.Release|x64.Build.0 = Release|Any CPU
		{CFDADDD5-C108-42F8-A809-9FA31967025E}.Release|x86.ActiveCfg = Release|Any CPU
		{CFDADDD5-C108-42F8-A809-9FA31967025E}.Release|x86.Build.0 = Release|Any CPU
		{F69A1B2A-C00C-4BB5-9BB9-16FC48D14BDC}.Debug|Any CPU.ActiveCfg = Debug|Any CPU
		{F69A1B2A-C00C-4BB5-9BB9-16FC48D14BDC}.Debug|Any CPU.Build.0 = Debug|Any CPU
		{F69A1B2A-C00C-4BB5-9BB9-16FC48D14BDC}.Debug|x64.ActiveCfg = Debug|Any CPU
		{F69A1B2A-C00C-4BB5-9BB9-16FC48D14BDC}.Debug|x64.Build.0 = Debug|Any CPU
		{F69A1B2A-C00C-4BB5-9BB9-16FC48D14BDC}.Debug|x86.ActiveCfg = Debug|Any CPU
		{F69A1B2A-C00C-4BB5-9BB9-16FC48D14BDC}.Debug|x86.Build.0 = Debug|Any CPU
		{F69A1B2A-C00C-4BB5-9BB9-16FC48D14BDC}.Release|Any CPU.ActiveCfg = Release|Any CPU
		{F69A1B2A-C00C-4BB5-9BB9-16FC48D14BDC}.Release|Any CPU.Build.0 = Release|Any CPU
		{F69A1B2A-C00C-4BB5-9BB9-16FC48D14BDC}.Release|x64.ActiveCfg = Release|Any CPU
		{F69A1B2A-C00C-4BB5-9BB9-16FC48D14BDC}.Release|x64.Build.0 = Release|Any CPU
		{F69A1B2A-C00C-4BB5-9BB9-16FC48D14BDC}.Release|x86.ActiveCfg = Release|Any CPU
		{F69A1B2A-C00C-4BB5-9BB9-16FC48D14BDC}.Release|x86.Build.0 = Release|Any CPU
		{9E5FAA7B-6954-476D-9A01-971CA761D4EC}.Debug|Any CPU.ActiveCfg = Debug|Any CPU
		{9E5FAA7B-6954-476D-9A01-971CA761D4EC}.Debug|Any CPU.Build.0 = Debug|Any CPU
		{9E5FAA7B-6954-476D-9A01-971CA761D4EC}.Debug|x64.ActiveCfg = Debug|Any CPU
		{9E5FAA7B-6954-476D-9A01-971CA761D4EC}.Debug|x64.Build.0 = Debug|Any CPU
		{9E5FAA7B-6954-476D-9A01-971CA761D4EC}.Debug|x86.ActiveCfg = Debug|Any CPU
		{9E5FAA7B-6954-476D-9A01-971CA761D4EC}.Debug|x86.Build.0 = Debug|Any CPU
		{9E5FAA7B-6954-476D-9A01-971CA761D4EC}.Release|Any CPU.ActiveCfg = Release|Any CPU
		{9E5FAA7B-6954-476D-9A01-971CA761D4EC}.Release|Any CPU.Build.0 = Release|Any CPU
		{9E5FAA7B-6954-476D-9A01-971CA761D4EC}.Release|x64.ActiveCfg = Release|Any CPU
		{9E5FAA7B-6954-476D-9A01-971CA761D4EC}.Release|x64.Build.0 = Release|Any CPU
		{9E5FAA7B-6954-476D-9A01-971CA761D4EC}.Release|x86.ActiveCfg = Release|Any CPU
		{9E5FAA7B-6954-476D-9A01-971CA761D4EC}.Release|x86.Build.0 = Release|Any CPU
	EndGlobalSection
	GlobalSection(SolutionProperties) = preSolution
		HideSolutionNode = FALSE
	EndGlobalSection
EndGlobal
